// !$*UTF8*$!
{
	archiveVersion = 1;
	classes = {
	};
	objectVersion = 55;
	objects = {

/* Begin PBXBuildFile section */
		5347F3A6CA0FA598810B0819 /* Pods_PostHandler_PostHandlerUITests.framework in Frameworks */ = {isa = PBXBuildFile; fileRef = 0DF82F5A0A5D2B5C9C4C48A7 /* Pods_PostHandler_PostHandlerUITests.framework */; };
		558EA547289CF1670052DCDD /* AppDelegate.swift in Sources */ = {isa = PBXBuildFile; fileRef = 558EA546289CF1670052DCDD /* AppDelegate.swift */; };
		558EA549289CF1670052DCDD /* SceneDelegate.swift in Sources */ = {isa = PBXBuildFile; fileRef = 558EA548289CF1670052DCDD /* SceneDelegate.swift */; };
		558EA54E289CF1670052DCDD /* Main.storyboard in Resources */ = {isa = PBXBuildFile; fileRef = 558EA54C289CF1670052DCDD /* Main.storyboard */; };
		558EA550289CF1690052DCDD /* Assets.xcassets in Resources */ = {isa = PBXBuildFile; fileRef = 558EA54F289CF1690052DCDD /* Assets.xcassets */; };
		558EA553289CF1690052DCDD /* LaunchScreen.storyboard in Resources */ = {isa = PBXBuildFile; fileRef = 558EA551289CF1690052DCDD /* LaunchScreen.storyboard */; };
		558EA55E289CF16A0052DCDD /* PostHandlerTests.swift in Sources */ = {isa = PBXBuildFile; fileRef = 558EA55D289CF16A0052DCDD /* PostHandlerTests.swift */; };
		558EA568289CF16A0052DCDD /* PostHandlerUITests.swift in Sources */ = {isa = PBXBuildFile; fileRef = 558EA567289CF16A0052DCDD /* PostHandlerUITests.swift */; };
		558EA56A289CF16A0052DCDD /* PostHandlerUITestsLaunchTests.swift in Sources */ = {isa = PBXBuildFile; fileRef = 558EA569289CF16A0052DCDD /* PostHandlerUITestsLaunchTests.swift */; };
		558EA57C289CF6C80052DCDD /* PostListTableViewController.swift in Sources */ = {isa = PBXBuildFile; fileRef = 558EA57B289CF6C80052DCDD /* PostListTableViewController.swift */; };
		558EA580289CF6FB0052DCDD /* APIService.swift in Sources */ = {isa = PBXBuildFile; fileRef = 558EA57F289CF6FB0052DCDD /* APIService.swift */; };
		558EA584289CFC7B0052DCDD /* Posts.swift in Sources */ = {isa = PBXBuildFile; fileRef = 558EA583289CFC7B0052DCDD /* Posts.swift */; };
		558EA588289D02E90052DCDD /* Environment.swift in Sources */ = {isa = PBXBuildFile; fileRef = 558EA587289D02E90052DCDD /* Environment.swift */; };
		558EA58A289D0F080052DCDD /* ErrorHandler.swift in Sources */ = {isa = PBXBuildFile; fileRef = 558EA589289D0F080052DCDD /* ErrorHandler.swift */; };
		558EA58D289D1E920052DCDD /* SearchView.swift in Sources */ = {isa = PBXBuildFile; fileRef = 558EA58C289D1E920052DCDD /* SearchView.swift */; };
		558EA58F289D1EA60052DCDD /* SearchView.xib in Resources */ = {isa = PBXBuildFile; fileRef = 558EA58E289D1EA60052DCDD /* SearchView.xib */; };
		58B1F1A86E34FE048219647A /* Pods_PostHandlerTests.framework in Frameworks */ = {isa = PBXBuildFile; fileRef = A609002C41CD7FBCBF37E4FE /* Pods_PostHandlerTests.framework */; };
		ECEBE62C21967DD819085A87 /* Pods_PostHandler.framework in Frameworks */ = {isa = PBXBuildFile; fileRef = 4594E10A026463CC42C001B1 /* Pods_PostHandler.framework */; };
/* End PBXBuildFile section */

/* Begin PBXContainerItemProxy section */
		558EA55A289CF16A0052DCDD /* PBXContainerItemProxy */ = {
			isa = PBXContainerItemProxy;
			containerPortal = 558EA53B289CF1670052DCDD /* Project object */;
			proxyType = 1;
			remoteGlobalIDString = 558EA542289CF1670052DCDD;
			remoteInfo = PostHandler;
		};
		558EA564289CF16A0052DCDD /* PBXContainerItemProxy */ = {
			isa = PBXContainerItemProxy;
			containerPortal = 558EA53B289CF1670052DCDD /* Project object */;
			proxyType = 1;
			remoteGlobalIDString = 558EA542289CF1670052DCDD;
			remoteInfo = PostHandler;
		};
/* End PBXContainerItemProxy section */

/* Begin PBXFileReference section */
		0DF82F5A0A5D2B5C9C4C48A7 /* Pods_PostHandler_PostHandlerUITests.framework */ = {isa = PBXFileReference; explicitFileType = wrapper.framework; includeInIndex = 0; path = Pods_PostHandler_PostHandlerUITests.framework; sourceTree = BUILT_PRODUCTS_DIR; };
		2F65F42A28BA6DCCE1CCA1A4 /* Pods-PostHandlerTests.debug.xcconfig */ = {isa = PBXFileReference; includeInIndex = 1; lastKnownFileType = text.xcconfig; name = "Pods-PostHandlerTests.debug.xcconfig"; path = "Target Support Files/Pods-PostHandlerTests/Pods-PostHandlerTests.debug.xcconfig"; sourceTree = "<group>"; };
		43760078B06B6BE5818454D2 /* Pods-PostHandler-PostHandlerUITests.release.xcconfig */ = {isa = PBXFileReference; includeInIndex = 1; lastKnownFileType = text.xcconfig; name = "Pods-PostHandler-PostHandlerUITests.release.xcconfig"; path = "Target Support Files/Pods-PostHandler-PostHandlerUITests/Pods-PostHandler-PostHandlerUITests.release.xcconfig"; sourceTree = "<group>"; };
		4594E10A026463CC42C001B1 /* Pods_PostHandler.framework */ = {isa = PBXFileReference; explicitFileType = wrapper.framework; includeInIndex = 0; path = Pods_PostHandler.framework; sourceTree = BUILT_PRODUCTS_DIR; };
		4BD622228A72E1E910FE923E /* Pods-PostHandler.debug.xcconfig */ = {isa = PBXFileReference; includeInIndex = 1; lastKnownFileType = text.xcconfig; name = "Pods-PostHandler.debug.xcconfig"; path = "Target Support Files/Pods-PostHandler/Pods-PostHandler.debug.xcconfig"; sourceTree = "<group>"; };
		558EA543289CF1670052DCDD /* PostHandler.app */ = {isa = PBXFileReference; explicitFileType = wrapper.application; includeInIndex = 0; path = PostHandler.app; sourceTree = BUILT_PRODUCTS_DIR; };
		558EA546289CF1670052DCDD /* AppDelegate.swift */ = {isa = PBXFileReference; lastKnownFileType = sourcecode.swift; path = AppDelegate.swift; sourceTree = "<group>"; };
		558EA548289CF1670052DCDD /* SceneDelegate.swift */ = {isa = PBXFileReference; lastKnownFileType = sourcecode.swift; path = SceneDelegate.swift; sourceTree = "<group>"; };
		558EA54D289CF1670052DCDD /* Base */ = {isa = PBXFileReference; lastKnownFileType = file.storyboard; name = Base; path = Base.lproj/Main.storyboard; sourceTree = "<group>"; };
		558EA54F289CF1690052DCDD /* Assets.xcassets */ = {isa = PBXFileReference; lastKnownFileType = folder.assetcatalog; path = Assets.xcassets; sourceTree = "<group>"; };
		558EA552289CF1690052DCDD /* Base */ = {isa = PBXFileReference; lastKnownFileType = file.storyboard; name = Base; path = Base.lproj/LaunchScreen.storyboard; sourceTree = "<group>"; };
		558EA554289CF1690052DCDD /* Info.plist */ = {isa = PBXFileReference; lastKnownFileType = text.plist.xml; path = Info.plist; sourceTree = "<group>"; };
		558EA559289CF16A0052DCDD /* PostHandlerTests.xctest */ = {isa = PBXFileReference; explicitFileType = wrapper.cfbundle; includeInIndex = 0; path = PostHandlerTests.xctest; sourceTree = BUILT_PRODUCTS_DIR; };
		558EA55D289CF16A0052DCDD /* PostHandlerTests.swift */ = {isa = PBXFileReference; lastKnownFileType = sourcecode.swift; path = PostHandlerTests.swift; sourceTree = "<group>"; };
		558EA563289CF16A0052DCDD /* PostHandlerUITests.xctest */ = {isa = PBXFileReference; explicitFileType = wrapper.cfbundle; includeInIndex = 0; path = PostHandlerUITests.xctest; sourceTree = BUILT_PRODUCTS_DIR; };
		558EA567289CF16A0052DCDD /* PostHandlerUITests.swift */ = {isa = PBXFileReference; lastKnownFileType = sourcecode.swift; path = PostHandlerUITests.swift; sourceTree = "<group>"; };
		558EA569289CF16A0052DCDD /* PostHandlerUITestsLaunchTests.swift */ = {isa = PBXFileReference; lastKnownFileType = sourcecode.swift; path = PostHandlerUITestsLaunchTests.swift; sourceTree = "<group>"; };
		558EA57B289CF6C80052DCDD /* PostListTableViewController.swift */ = {isa = PBXFileReference; lastKnownFileType = sourcecode.swift; path = PostListTableViewController.swift; sourceTree = "<group>"; };
		558EA57F289CF6FB0052DCDD /* APIService.swift */ = {isa = PBXFileReference; lastKnownFileType = sourcecode.swift; path = APIService.swift; sourceTree = "<group>"; };
		558EA583289CFC7B0052DCDD /* Posts.swift */ = {isa = PBXFileReference; lastKnownFileType = sourcecode.swift; path = Posts.swift; sourceTree = "<group>"; };
		558EA587289D02E90052DCDD /* Environment.swift */ = {isa = PBXFileReference; lastKnownFileType = sourcecode.swift; path = Environment.swift; sourceTree = "<group>"; };
		558EA589289D0F080052DCDD /* ErrorHandler.swift */ = {isa = PBXFileReference; lastKnownFileType = sourcecode.swift; path = ErrorHandler.swift; sourceTree = "<group>"; };
		558EA58C289D1E920052DCDD /* SearchView.swift */ = {isa = PBXFileReference; lastKnownFileType = sourcecode.swift; path = SearchView.swift; sourceTree = "<group>"; };
		558EA58E289D1EA60052DCDD /* SearchView.xib */ = {isa = PBXFileReference; lastKnownFileType = file.xib; path = SearchView.xib; sourceTree = "<group>"; };
		8AEDE40D207CC69DB2F65764 /* Pods-PostHandler.release.xcconfig */ = {isa = PBXFileReference; includeInIndex = 1; lastKnownFileType = text.xcconfig; name = "Pods-PostHandler.release.xcconfig"; path = "Target Support Files/Pods-PostHandler/Pods-PostHandler.release.xcconfig"; sourceTree = "<group>"; };
		A565D0E29884CCB434529098 /* Pods-PostHandlerTests.release.xcconfig */ = {isa = PBXFileReference; includeInIndex = 1; lastKnownFileType = text.xcconfig; name = "Pods-PostHandlerTests.release.xcconfig"; path = "Target Support Files/Pods-PostHandlerTests/Pods-PostHandlerTests.release.xcconfig"; sourceTree = "<group>"; };
		A609002C41CD7FBCBF37E4FE /* Pods_PostHandlerTests.framework */ = {isa = PBXFileReference; explicitFileType = wrapper.framework; includeInIndex = 0; path = Pods_PostHandlerTests.framework; sourceTree = BUILT_PRODUCTS_DIR; };
		A8B439F5D5D16144602B8188 /* Pods-PostHandler-PostHandlerUITests.debug.xcconfig */ = {isa = PBXFileReference; includeInIndex = 1; lastKnownFileType = text.xcconfig; name = "Pods-PostHandler-PostHandlerUITests.debug.xcconfig"; path = "Target Support Files/Pods-PostHandler-PostHandlerUITests/Pods-PostHandler-PostHandlerUITests.debug.xcconfig"; sourceTree = "<group>"; };
/* End PBXFileReference section */

/* Begin PBXFrameworksBuildPhase section */
		558EA540289CF1670052DCDD /* Frameworks */ = {
			isa = PBXFrameworksBuildPhase;
			buildActionMask = 2147483647;
			files = (
				ECEBE62C21967DD819085A87 /* Pods_PostHandler.framework in Frameworks */,
			);
			runOnlyForDeploymentPostprocessing = 0;
		};
		558EA556289CF16A0052DCDD /* Frameworks */ = {
			isa = PBXFrameworksBuildPhase;
			buildActionMask = 2147483647;
			files = (
				58B1F1A86E34FE048219647A /* Pods_PostHandlerTests.framework in Frameworks */,
			);
			runOnlyForDeploymentPostprocessing = 0;
		};
		558EA560289CF16A0052DCDD /* Frameworks */ = {
			isa = PBXFrameworksBuildPhase;
			buildActionMask = 2147483647;
			files = (
				5347F3A6CA0FA598810B0819 /* Pods_PostHandler_PostHandlerUITests.framework in Frameworks */,
			);
			runOnlyForDeploymentPostprocessing = 0;
		};
/* End PBXFrameworksBuildPhase section */

/* Begin PBXGroup section */
		4EF93C0A18EB53AD9FFC223B /* Frameworks */ = {
			isa = PBXGroup;
			children = (
				4594E10A026463CC42C001B1 /* Pods_PostHandler.framework */,
				0DF82F5A0A5D2B5C9C4C48A7 /* Pods_PostHandler_PostHandlerUITests.framework */,
				A609002C41CD7FBCBF37E4FE /* Pods_PostHandlerTests.framework */,
			);
			name = Frameworks;
			sourceTree = "<group>";
		};
		558EA53A289CF1670052DCDD = {
			isa = PBXGroup;
			children = (
				558EA545289CF1670052DCDD /* PostHandler */,
				558EA55C289CF16A0052DCDD /* PostHandlerTests */,
				558EA566289CF16A0052DCDD /* PostHandlerUITests */,
				558EA544289CF1670052DCDD /* Products */,
				60E5F9B15FD4B86BF980B7C1 /* Pods */,
				4EF93C0A18EB53AD9FFC223B /* Frameworks */,
			);
			sourceTree = "<group>";
		};
		558EA544289CF1670052DCDD /* Products */ = {
			isa = PBXGroup;
			children = (
				558EA543289CF1670052DCDD /* PostHandler.app */,
				558EA559289CF16A0052DCDD /* PostHandlerTests.xctest */,
				558EA563289CF16A0052DCDD /* PostHandlerUITests.xctest */,
			);
			name = Products;
			sourceTree = "<group>";
		};
		558EA545289CF1670052DCDD /* PostHandler */ = {
			isa = PBXGroup;
			children = (
				558EA58B289D1E640052DCDD /* Custom View */,
				558EA57D289CF6DA0052DCDD /* Table View Cells */,
				558EA57A289CF6990052DCDD /* Common */,
				558EA579289CF6760052DCDD /* API Service */,
				558EA578289CF64B0052DCDD /* Models */,
				558EA577289CF63D0052DCDD /* ViewModels  */,
				558EA576289CF5F10052DCDD /* Controller */,
				558EA54C289CF1670052DCDD /* Main.storyboard */,
				558EA54F289CF1690052DCDD /* Assets.xcassets */,
				558EA551289CF1690052DCDD /* LaunchScreen.storyboard */,
				558EA554289CF1690052DCDD /* Info.plist */,
			);
			path = PostHandler;
			sourceTree = "<group>";
		};
		558EA55C289CF16A0052DCDD /* PostHandlerTests */ = {
			isa = PBXGroup;
			children = (
				558EA55D289CF16A0052DCDD /* PostHandlerTests.swift */,
			);
			path = PostHandlerTests;
			sourceTree = "<group>";
		};
		558EA566289CF16A0052DCDD /* PostHandlerUITests */ = {
			isa = PBXGroup;
			children = (
				558EA567289CF16A0052DCDD /* PostHandlerUITests.swift */,
				558EA569289CF16A0052DCDD /* PostHandlerUITestsLaunchTests.swift */,
			);
			path = PostHandlerUITests;
			sourceTree = "<group>";
		};
		558EA576289CF5F10052DCDD /* Controller */ = {
			isa = PBXGroup;
			children = (
				558EA57B289CF6C80052DCDD /* PostListTableViewController.swift */,
			);
			path = Controller;
			sourceTree = "<group>";
		};
		558EA577289CF63D0052DCDD /* ViewModels  */ = {
			isa = PBXGroup;
			children = (
			);
			path = "ViewModels ";
			sourceTree = "<group>";
		};
		558EA578289CF64B0052DCDD /* Models */ = {
			isa = PBXGroup;
			children = (
				558EA583289CFC7B0052DCDD /* Posts.swift */,
			);
			path = Models;
			sourceTree = "<group>";
		};
		558EA579289CF6760052DCDD /* API Service */ = {
			isa = PBXGroup;
			children = (
				558EA587289D02E90052DCDD /* Environment.swift */,
				558EA57F289CF6FB0052DCDD /* APIService.swift */,
				558EA589289D0F080052DCDD /* ErrorHandler.swift */,
			);
			path = "API Service";
			sourceTree = "<group>";
		};
		558EA57A289CF6990052DCDD /* Common */ = {
			isa = PBXGroup;
			children = (
				558EA546289CF1670052DCDD /* AppDelegate.swift */,
				558EA548289CF1670052DCDD /* SceneDelegate.swift */,
			);
			path = Common;
			sourceTree = "<group>";
		};
		558EA57D289CF6DA0052DCDD /* Table View Cells */ = {
			isa = PBXGroup;
			children = (
			);
			path = "Table View Cells";
			sourceTree = "<group>";
		};
		558EA58B289D1E640052DCDD /* Custom View */ = {
			isa = PBXGroup;
			children = (
				558EA58C289D1E920052DCDD /* SearchView.swift */,
				558EA58E289D1EA60052DCDD /* SearchView.xib */,
			);
			path = "Custom View";
			sourceTree = "<group>";
		};
		60E5F9B15FD4B86BF980B7C1 /* Pods */ = {
			isa = PBXGroup;
			children = (
				4BD622228A72E1E910FE923E /* Pods-PostHandler.debug.xcconfig */,
				8AEDE40D207CC69DB2F65764 /* Pods-PostHandler.release.xcconfig */,
				A8B439F5D5D16144602B8188 /* Pods-PostHandler-PostHandlerUITests.debug.xcconfig */,
				43760078B06B6BE5818454D2 /* Pods-PostHandler-PostHandlerUITests.release.xcconfig */,
				2F65F42A28BA6DCCE1CCA1A4 /* Pods-PostHandlerTests.debug.xcconfig */,
				A565D0E29884CCB434529098 /* Pods-PostHandlerTests.release.xcconfig */,
			);
			path = Pods;
			sourceTree = "<group>";
		};
/* End PBXGroup section */

/* Begin PBXNativeTarget section */
		558EA542289CF1670052DCDD /* PostHandler */ = {
			isa = PBXNativeTarget;
			buildConfigurationList = 558EA56D289CF16A0052DCDD /* Build configuration list for PBXNativeTarget "PostHandler" */;
			buildPhases = (
				7F1F01255CAF7A921630F0EC /* [CP] Check Pods Manifest.lock */,
				558EA53F289CF1670052DCDD /* Sources */,
				558EA540289CF1670052DCDD /* Frameworks */,
				558EA541289CF1670052DCDD /* Resources */,
				558EA585289CFE580052DCDD /* ShellScript */,
			);
			buildRules = (
			);
			dependencies = (
			);
			name = PostHandler;
			productName = PostHandler;
			productReference = 558EA543289CF1670052DCDD /* PostHandler.app */;
			productType = "com.apple.product-type.application";
		};
		558EA558289CF16A0052DCDD /* PostHandlerTests */ = {
			isa = PBXNativeTarget;
			buildConfigurationList = 558EA570289CF16A0052DCDD /* Build configuration list for PBXNativeTarget "PostHandlerTests" */;
			buildPhases = (
				73C556A2BBF8CE566FB16B16 /* [CP] Check Pods Manifest.lock */,
				558EA555289CF16A0052DCDD /* Sources */,
				558EA556289CF16A0052DCDD /* Frameworks */,
				558EA557289CF16A0052DCDD /* Resources */,
			);
			buildRules = (
			);
			dependencies = (
				558EA55B289CF16A0052DCDD /* PBXTargetDependency */,
			);
			name = PostHandlerTests;
			productName = PostHandlerTests;
			productReference = 558EA559289CF16A0052DCDD /* PostHandlerTests.xctest */;
			productType = "com.apple.product-type.bundle.unit-test";
		};
		558EA562289CF16A0052DCDD /* PostHandlerUITests */ = {
			isa = PBXNativeTarget;
			buildConfigurationList = 558EA573289CF16A0052DCDD /* Build configuration list for PBXNativeTarget "PostHandlerUITests" */;
			buildPhases = (
				71FE9689FBD8BF00E41D56E1 /* [CP] Check Pods Manifest.lock */,
				558EA55F289CF16A0052DCDD /* Sources */,
				558EA560289CF16A0052DCDD /* Frameworks */,
				558EA561289CF16A0052DCDD /* Resources */,
			);
			buildRules = (
			);
			dependencies = (
				558EA565289CF16A0052DCDD /* PBXTargetDependency */,
			);
			name = PostHandlerUITests;
			productName = PostHandlerUITests;
			productReference = 558EA563289CF16A0052DCDD /* PostHandlerUITests.xctest */;
			productType = "com.apple.product-type.bundle.ui-testing";
		};
/* End PBXNativeTarget section */

/* Begin PBXProject section */
		558EA53B289CF1670052DCDD /* Project object */ = {
			isa = PBXProject;
			attributes = {
				BuildIndependentTargetsInParallel = 1;
				LastSwiftUpdateCheck = 1330;
				LastUpgradeCheck = 1330;
				TargetAttributes = {
					558EA542289CF1670052DCDD = {
						CreatedOnToolsVersion = 13.3.1;
					};
					558EA558289CF16A0052DCDD = {
						CreatedOnToolsVersion = 13.3.1;
						TestTargetID = 558EA542289CF1670052DCDD;
					};
					558EA562289CF16A0052DCDD = {
						CreatedOnToolsVersion = 13.3.1;
						TestTargetID = 558EA542289CF1670052DCDD;
					};
				};
			};
			buildConfigurationList = 558EA53E289CF1670052DCDD /* Build configuration list for PBXProject "PostHandler" */;
			compatibilityVersion = "Xcode 13.0";
			developmentRegion = en;
			hasScannedForEncodings = 0;
			knownRegions = (
				en,
				Base,
			);
			mainGroup = 558EA53A289CF1670052DCDD;
			productRefGroup = 558EA544289CF1670052DCDD /* Products */;
			projectDirPath = "";
			projectRoot = "";
			targets = (
				558EA542289CF1670052DCDD /* PostHandler */,
				558EA558289CF16A0052DCDD /* PostHandlerTests */,
				558EA562289CF16A0052DCDD /* PostHandlerUITests */,
			);
		};
/* End PBXProject section */

/* Begin PBXResourcesBuildPhase section */
		558EA541289CF1670052DCDD /* Resources */ = {
			isa = PBXResourcesBuildPhase;
			buildActionMask = 2147483647;
			files = (
				558EA58F289D1EA60052DCDD /* SearchView.xib in Resources */,
				558EA553289CF1690052DCDD /* LaunchScreen.storyboard in Resources */,
				558EA550289CF1690052DCDD /* Assets.xcassets in Resources */,
				558EA54E289CF1670052DCDD /* Main.storyboard in Resources */,
			);
			runOnlyForDeploymentPostprocessing = 0;
		};
		558EA557289CF16A0052DCDD /* Resources */ = {
			isa = PBXResourcesBuildPhase;
			buildActionMask = 2147483647;
			files = (
			);
			runOnlyForDeploymentPostprocessing = 0;
		};
		558EA561289CF16A0052DCDD /* Resources */ = {
			isa = PBXResourcesBuildPhase;
			buildActionMask = 2147483647;
			files = (
			);
			runOnlyForDeploymentPostprocessing = 0;
		};
/* End PBXResourcesBuildPhase section */

/* Begin PBXShellScriptBuildPhase section */
		558EA585289CFE580052DCDD /* ShellScript */ = {
			isa = PBXShellScriptBuildPhase;
			alwaysOutOfDate = 1;
			buildActionMask = 2147483647;
			files = (
			);
			inputFileListPaths = (
			);
			inputPaths = (
			);
			outputFileListPaths = (
			);
			outputPaths = (
			);
			runOnlyForDeploymentPostprocessing = 0;
			shellPath = /bin/sh;
			shellScript = "\"${PODS_ROOT}/SwiftLint/swiftlint\"\n";
		};
		71FE9689FBD8BF00E41D56E1 /* [CP] Check Pods Manifest.lock */ = {
			isa = PBXShellScriptBuildPhase;
			buildActionMask = 2147483647;
			files = (
			);
			inputFileListPaths = (
			);
			inputPaths = (
				"${PODS_PODFILE_DIR_PATH}/Podfile.lock",
				"${PODS_ROOT}/Manifest.lock",
			);
			name = "[CP] Check Pods Manifest.lock";
			outputFileListPaths = (
			);
			outputPaths = (
				"$(DERIVED_FILE_DIR)/Pods-PostHandler-PostHandlerUITests-checkManifestLockResult.txt",
			);
			runOnlyForDeploymentPostprocessing = 0;
			shellPath = /bin/sh;
			shellScript = "diff \"${PODS_PODFILE_DIR_PATH}/Podfile.lock\" \"${PODS_ROOT}/Manifest.lock\" > /dev/null\nif [ $? != 0 ] ; then\n    # print error to STDERR\n    echo \"error: The sandbox is not in sync with the Podfile.lock. Run 'pod install' or update your CocoaPods installation.\" >&2\n    exit 1\nfi\n# This output is used by Xcode 'outputs' to avoid re-running this script phase.\necho \"SUCCESS\" > \"${SCRIPT_OUTPUT_FILE_0}\"\n";
			showEnvVarsInLog = 0;
		};
		73C556A2BBF8CE566FB16B16 /* [CP] Check Pods Manifest.lock */ = {
			isa = PBXShellScriptBuildPhase;
			buildActionMask = 2147483647;
			files = (
			);
			inputFileListPaths = (
			);
			inputPaths = (
				"${PODS_PODFILE_DIR_PATH}/Podfile.lock",
				"${PODS_ROOT}/Manifest.lock",
			);
			name = "[CP] Check Pods Manifest.lock";
			outputFileListPaths = (
			);
			outputPaths = (
				"$(DERIVED_FILE_DIR)/Pods-PostHandlerTests-checkManifestLockResult.txt",
			);
			runOnlyForDeploymentPostprocessing = 0;
			shellPath = /bin/sh;
			shellScript = "diff \"${PODS_PODFILE_DIR_PATH}/Podfile.lock\" \"${PODS_ROOT}/Manifest.lock\" > /dev/null\nif [ $? != 0 ] ; then\n    # print error to STDERR\n    echo \"error: The sandbox is not in sync with the Podfile.lock. Run 'pod install' or update your CocoaPods installation.\" >&2\n    exit 1\nfi\n# This output is used by Xcode 'outputs' to avoid re-running this script phase.\necho \"SUCCESS\" > \"${SCRIPT_OUTPUT_FILE_0}\"\n";
			showEnvVarsInLog = 0;
		};
		7F1F01255CAF7A921630F0EC /* [CP] Check Pods Manifest.lock */ = {
			isa = PBXShellScriptBuildPhase;
			buildActionMask = 2147483647;
			files = (
			);
			inputFileListPaths = (
			);
			inputPaths = (
				"${PODS_PODFILE_DIR_PATH}/Podfile.lock",
				"${PODS_ROOT}/Manifest.lock",
			);
			name = "[CP] Check Pods Manifest.lock";
			outputFileListPaths = (
			);
			outputPaths = (
				"$(DERIVED_FILE_DIR)/Pods-PostHandler-checkManifestLockResult.txt",
			);
			runOnlyForDeploymentPostprocessing = 0;
			shellPath = /bin/sh;
			shellScript = "diff \"${PODS_PODFILE_DIR_PATH}/Podfile.lock\" \"${PODS_ROOT}/Manifest.lock\" > /dev/null\nif [ $? != 0 ] ; then\n    # print error to STDERR\n    echo \"error: The sandbox is not in sync with the Podfile.lock. Run 'pod install' or update your CocoaPods installation.\" >&2\n    exit 1\nfi\n# This output is used by Xcode 'outputs' to avoid re-running this script phase.\necho \"SUCCESS\" > \"${SCRIPT_OUTPUT_FILE_0}\"\n";
			showEnvVarsInLog = 0;
		};
/* End PBXShellScriptBuildPhase section */

/* Begin PBXSourcesBuildPhase section */
		558EA53F289CF1670052DCDD /* Sources */ = {
			isa = PBXSourcesBuildPhase;
			buildActionMask = 2147483647;
			files = (
				558EA584289CFC7B0052DCDD /* Posts.swift in Sources */,
				558EA580289CF6FB0052DCDD /* APIService.swift in Sources */,
				558EA588289D02E90052DCDD /* Environment.swift in Sources */,
				558EA547289CF1670052DCDD /* AppDelegate.swift in Sources */,
				558EA58D289D1E920052DCDD /* SearchView.swift in Sources */,
				558EA58A289D0F080052DCDD /* ErrorHandler.swift in Sources */,
				558EA549289CF1670052DCDD /* SceneDelegate.swift in Sources */,
				558EA57C289CF6C80052DCDD /* PostListTableViewController.swift in Sources */,
			);
			runOnlyForDeploymentPostprocessing = 0;
		};
		558EA555289CF16A0052DCDD /* Sources */ = {
			isa = PBXSourcesBuildPhase;
			buildActionMask = 2147483647;
			files = (
				558EA55E289CF16A0052DCDD /* PostHandlerTests.swift in Sources */,
			);
			runOnlyForDeploymentPostprocessing = 0;
		};
		558EA55F289CF16A0052DCDD /* Sources */ = {
			isa = PBXSourcesBuildPhase;
			buildActionMask = 2147483647;
			files = (
				558EA568289CF16A0052DCDD /* PostHandlerUITests.swift in Sources */,
				558EA56A289CF16A0052DCDD /* PostHandlerUITestsLaunchTests.swift in Sources */,
			);
			runOnlyForDeploymentPostprocessing = 0;
		};
/* End PBXSourcesBuildPhase section */

/* Begin PBXTargetDependency section */
		558EA55B289CF16A0052DCDD /* PBXTargetDependency */ = {
			isa = PBXTargetDependency;
			target = 558EA542289CF1670052DCDD /* PostHandler */;
			targetProxy = 558EA55A289CF16A0052DCDD /* PBXContainerItemProxy */;
		};
		558EA565289CF16A0052DCDD /* PBXTargetDependency */ = {
			isa = PBXTargetDependency;
			target = 558EA542289CF1670052DCDD /* PostHandler */;
			targetProxy = 558EA564289CF16A0052DCDD /* PBXContainerItemProxy */;
		};
/* End PBXTargetDependency section */

/* Begin PBXVariantGroup section */
		558EA54C289CF1670052DCDD /* Main.storyboard */ = {
			isa = PBXVariantGroup;
			children = (
				558EA54D289CF1670052DCDD /* Base */,
			);
			name = Main.storyboard;
			sourceTree = "<group>";
		};
		558EA551289CF1690052DCDD /* LaunchScreen.storyboard */ = {
			isa = PBXVariantGroup;
			children = (
				558EA552289CF1690052DCDD /* Base */,
			);
			name = LaunchScreen.storyboard;
			sourceTree = "<group>";
		};
/* End PBXVariantGroup section */

/* Begin XCBuildConfiguration section */
		558EA56B289CF16A0052DCDD /* Debug */ = {
			isa = XCBuildConfiguration;
			buildSettings = {
				ALWAYS_SEARCH_USER_PATHS = NO;
				CLANG_ANALYZER_NONNULL = YES;
				CLANG_ANALYZER_NUMBER_OBJECT_CONVERSION = YES_AGGRESSIVE;
				CLANG_CXX_LANGUAGE_STANDARD = "gnu++17";
				CLANG_ENABLE_MODULES = YES;
				CLANG_ENABLE_OBJC_ARC = YES;
				CLANG_ENABLE_OBJC_WEAK = YES;
				CLANG_WARN_BLOCK_CAPTURE_AUTORELEASING = YES;
				CLANG_WARN_BOOL_CONVERSION = YES;
				CLANG_WARN_COMMA = YES;
				CLANG_WARN_CONSTANT_CONVERSION = YES;
				CLANG_WARN_DEPRECATED_OBJC_IMPLEMENTATIONS = YES;
				CLANG_WARN_DIRECT_OBJC_ISA_USAGE = YES_ERROR;
				CLANG_WARN_DOCUMENTATION_COMMENTS = YES;
				CLANG_WARN_EMPTY_BODY = YES;
				CLANG_WARN_ENUM_CONVERSION = YES;
				CLANG_WARN_INFINITE_RECURSION = YES;
				CLANG_WARN_INT_CONVERSION = YES;
				CLANG_WARN_NON_LITERAL_NULL_CONVERSION = YES;
				CLANG_WARN_OBJC_IMPLICIT_RETAIN_SELF = YES;
				CLANG_WARN_OBJC_LITERAL_CONVERSION = YES;
				CLANG_WARN_OBJC_ROOT_CLASS = YES_ERROR;
				CLANG_WARN_QUOTED_INCLUDE_IN_FRAMEWORK_HEADER = YES;
				CLANG_WARN_RANGE_LOOP_ANALYSIS = YES;
				CLANG_WARN_STRICT_PROTOTYPES = YES;
				CLANG_WARN_SUSPICIOUS_MOVE = YES;
				CLANG_WARN_UNGUARDED_AVAILABILITY = YES_AGGRESSIVE;
				CLANG_WARN_UNREACHABLE_CODE = YES;
				CLANG_WARN__DUPLICATE_METHOD_MATCH = YES;
				COPY_PHASE_STRIP = NO;
				DEBUG_INFORMATION_FORMAT = dwarf;
				ENABLE_STRICT_OBJC_MSGSEND = YES;
				ENABLE_TESTABILITY = YES;
				GCC_C_LANGUAGE_STANDARD = gnu11;
				GCC_DYNAMIC_NO_PIC = NO;
				GCC_NO_COMMON_BLOCKS = YES;
				GCC_OPTIMIZATION_LEVEL = 0;
				GCC_PREPROCESSOR_DEFINITIONS = (
					"DEBUG=1",
					"$(inherited)",
				);
				GCC_WARN_64_TO_32_BIT_CONVERSION = YES;
				GCC_WARN_ABOUT_RETURN_TYPE = YES_ERROR;
				GCC_WARN_UNDECLARED_SELECTOR = YES;
				GCC_WARN_UNINITIALIZED_AUTOS = YES_AGGRESSIVE;
				GCC_WARN_UNUSED_FUNCTION = YES;
				GCC_WARN_UNUSED_VARIABLE = YES;
				IPHONEOS_DEPLOYMENT_TARGET = 15.4;
				MTL_ENABLE_DEBUG_INFO = INCLUDE_SOURCE;
				MTL_FAST_MATH = YES;
				ONLY_ACTIVE_ARCH = YES;
				SDKROOT = iphoneos;
				SWIFT_ACTIVE_COMPILATION_CONDITIONS = DEBUG;
				SWIFT_OPTIMIZATION_LEVEL = "-Onone";
			};
			name = Debug;
		};
		558EA56C289CF16A0052DCDD /* Release */ = {
			isa = XCBuildConfiguration;
			buildSettings = {
				ALWAYS_SEARCH_USER_PATHS = NO;
				CLANG_ANALYZER_NONNULL = YES;
				CLANG_ANALYZER_NUMBER_OBJECT_CONVERSION = YES_AGGRESSIVE;
				CLANG_CXX_LANGUAGE_STANDARD = "gnu++17";
				CLANG_ENABLE_MODULES = YES;
				CLANG_ENABLE_OBJC_ARC = YES;
				CLANG_ENABLE_OBJC_WEAK = YES;
				CLANG_WARN_BLOCK_CAPTURE_AUTORELEASING = YES;
				CLANG_WARN_BOOL_CONVERSION = YES;
				CLANG_WARN_COMMA = YES;
				CLANG_WARN_CONSTANT_CONVERSION = YES;
				CLANG_WARN_DEPRECATED_OBJC_IMPLEMENTATIONS = YES;
				CLANG_WARN_DIRECT_OBJC_ISA_USAGE = YES_ERROR;
				CLANG_WARN_DOCUMENTATION_COMMENTS = YES;
				CLANG_WARN_EMPTY_BODY = YES;
				CLANG_WARN_ENUM_CONVERSION = YES;
				CLANG_WARN_INFINITE_RECURSION = YES;
				CLANG_WARN_INT_CONVERSION = YES;
				CLANG_WARN_NON_LITERAL_NULL_CONVERSION = YES;
				CLANG_WARN_OBJC_IMPLICIT_RETAIN_SELF = YES;
				CLANG_WARN_OBJC_LITERAL_CONVERSION = YES;
				CLANG_WARN_OBJC_ROOT_CLASS = YES_ERROR;
				CLANG_WARN_QUOTED_INCLUDE_IN_FRAMEWORK_HEADER = YES;
				CLANG_WARN_RANGE_LOOP_ANALYSIS = YES;
				CLANG_WARN_STRICT_PROTOTYPES = YES;
				CLANG_WARN_SUSPICIOUS_MOVE = YES;
				CLANG_WARN_UNGUARDED_AVAILABILITY = YES_AGGRESSIVE;
				CLANG_WARN_UNREACHABLE_CODE = YES;
				CLANG_WARN__DUPLICATE_METHOD_MATCH = YES;
				COPY_PHASE_STRIP = NO;
				DEBUG_INFORMATION_FORMAT = "dwarf-with-dsym";
				ENABLE_NS_ASSERTIONS = NO;
				ENABLE_STRICT_OBJC_MSGSEND = YES;
				GCC_C_LANGUAGE_STANDARD = gnu11;
				GCC_NO_COMMON_BLOCKS = YES;
				GCC_WARN_64_TO_32_BIT_CONVERSION = YES;
				GCC_WARN_ABOUT_RETURN_TYPE = YES_ERROR;
				GCC_WARN_UNDECLARED_SELECTOR = YES;
				GCC_WARN_UNINITIALIZED_AUTOS = YES_AGGRESSIVE;
				GCC_WARN_UNUSED_FUNCTION = YES;
				GCC_WARN_UNUSED_VARIABLE = YES;
				IPHONEOS_DEPLOYMENT_TARGET = 15.4;
				MTL_ENABLE_DEBUG_INFO = NO;
				MTL_FAST_MATH = YES;
				SDKROOT = iphoneos;
				SWIFT_COMPILATION_MODE = wholemodule;
				SWIFT_OPTIMIZATION_LEVEL = "-O";
				VALIDATE_PRODUCT = YES;
			};
			name = Release;
		};
		558EA56E289CF16A0052DCDD /* Debug */ = {
			isa = XCBuildConfiguration;
			baseConfigurationReference = 4BD622228A72E1E910FE923E /* Pods-PostHandler.debug.xcconfig */;
			buildSettings = {
				ASSETCATALOG_COMPILER_APPICON_NAME = AppIcon;
				ASSETCATALOG_COMPILER_GLOBAL_ACCENT_COLOR_NAME = AccentColor;
				CODE_SIGN_STYLE = Automatic;
				CURRENT_PROJECT_VERSION = 1;
				DEVELOPMENT_TEAM = C2V8MZT3S7;
				GENERATE_INFOPLIST_FILE = YES;
				INFOPLIST_FILE = PostHandler/Info.plist;
				INFOPLIST_KEY_UIApplicationSupportsIndirectInputEvents = YES;
				INFOPLIST_KEY_UILaunchStoryboardName = LaunchScreen;
				INFOPLIST_KEY_UIMainStoryboardFile = Main;
				INFOPLIST_KEY_UISupportedInterfaceOrientations_iPad = "UIInterfaceOrientationPortrait UIInterfaceOrientationPortraitUpsideDown UIInterfaceOrientationLandscapeLeft UIInterfaceOrientationLandscapeRight";
				INFOPLIST_KEY_UISupportedInterfaceOrientations_iPhone = "UIInterfaceOrientationPortrait UIInterfaceOrientationLandscapeLeft UIInterfaceOrientationLandscapeRight";
				LD_RUNPATH_SEARCH_PATHS = (
					"$(inherited)",
					"@executable_path/Frameworks",
				);
				MARKETING_VERSION = 1.0;
				PRODUCT_BUNDLE_IDENTIFIER = com.Linto.PostHandler;
				PRODUCT_NAME = "$(TARGET_NAME)";
				SWIFT_EMIT_LOC_STRINGS = YES;
				SWIFT_VERSION = 5.0;
				TARGETED_DEVICE_FAMILY = "1,2";
			};
			name = Debug;
		};
		558EA56F289CF16A0052DCDD /* Release */ = {
			isa = XCBuildConfiguration;
			baseConfigurationReference = 8AEDE40D207CC69DB2F65764 /* Pods-PostHandler.release.xcconfig */;
			buildSettings = {
				ASSETCATALOG_COMPILER_APPICON_NAME = AppIcon;
				ASSETCATALOG_COMPILER_GLOBAL_ACCENT_COLOR_NAME = AccentColor;
				CODE_SIGN_STYLE = Automatic;
				CURRENT_PROJECT_VERSION = 1;
				DEVELOPMENT_TEAM = C2V8MZT3S7;
				GENERATE_INFOPLIST_FILE = YES;
				INFOPLIST_FILE = PostHandler/Info.plist;
				INFOPLIST_KEY_UIApplicationSupportsIndirectInputEvents = YES;
				INFOPLIST_KEY_UILaunchStoryboardName = LaunchScreen;
				INFOPLIST_KEY_UIMainStoryboardFile = Main;
				INFOPLIST_KEY_UISupportedInterfaceOrientations_iPad = "UIInterfaceOrientationPortrait UIInterfaceOrientationPortraitUpsideDown UIInterfaceOrientationLandscapeLeft UIInterfaceOrientationLandscapeRight";
				INFOPLIST_KEY_UISupportedInterfaceOrientations_iPhone = "UIInterfaceOrientationPortrait UIInterfaceOrientationLandscapeLeft UIInterfaceOrientationLandscapeRight";
				LD_RUNPATH_SEARCH_PATHS = (
					"$(inherited)",
					"@executable_path/Frameworks",
				);
				MARKETING_VERSION = 1.0;
				PRODUCT_BUNDLE_IDENTIFIER = com.Linto.PostHandler;
				PRODUCT_NAME = "$(TARGET_NAME)";
				SWIFT_EMIT_LOC_STRINGS = YES;
				SWIFT_VERSION = 5.0;
				TARGETED_DEVICE_FAMILY = "1,2";
			};
			name = Release;
		};
		558EA571289CF16A0052DCDD /* Debug */ = {
			isa = XCBuildConfiguration;
			baseConfigurationReference = 2F65F42A28BA6DCCE1CCA1A4 /* Pods-PostHandlerTests.debug.xcconfig */;
			buildSettings = {
				ALWAYS_EMBED_SWIFT_STANDARD_LIBRARIES = YES;
				BUNDLE_LOADER = "$(TEST_HOST)";
				CODE_SIGN_STYLE = Automatic;
				CURRENT_PROJECT_VERSION = 1;
				DEVELOPMENT_TEAM = C2V8MZT3S7;
				GENERATE_INFOPLIST_FILE = YES;
				IPHONEOS_DEPLOYMENT_TARGET = 15.4;
				MARKETING_VERSION = 1.0;
				PRODUCT_BUNDLE_IDENTIFIER = com.Linto.PostHandlerTests;
				PRODUCT_NAME = "$(TARGET_NAME)";
				SWIFT_EMIT_LOC_STRINGS = NO;
				SWIFT_VERSION = 5.0;
				TARGETED_DEVICE_FAMILY = "1,2";
				TEST_HOST = "$(BUILT_PRODUCTS_DIR)/PostHandler.app/PostHandler";
			};
			name = Debug;
		};
		558EA572289CF16A0052DCDD /* Release */ = {
			isa = XCBuildConfiguration;
			baseConfigurationReference = A565D0E29884CCB434529098 /* Pods-PostHandlerTests.release.xcconfig */;
			buildSettings = {
				ALWAYS_EMBED_SWIFT_STANDARD_LIBRARIES = YES;
				BUNDLE_LOADER = "$(TEST_HOST)";
				CODE_SIGN_STYLE = Automatic;
				CURRENT_PROJECT_VERSION = 1;
				DEVELOPMENT_TEAM = C2V8MZT3S7;
				GENERATE_INFOPLIST_FILE = YES;
				IPHONEOS_DEPLOYMENT_TARGET = 15.4;
				MARKETING_VERSION = 1.0;
				PRODUCT_BUNDLE_IDENTIFIER = com.Linto.PostHandlerTests;
				PRODUCT_NAME = "$(TARGET_NAME)";
				SWIFT_EMIT_LOC_STRINGS = NO;
				SWIFT_VERSION = 5.0;
				TARGETED_DEVICE_FAMILY = "1,2";
				TEST_HOST = "$(BUILT_PRODUCTS_DIR)/PostHandler.app/PostHandler";
			};
			name = Release;
		};
		558EA574289CF16A0052DCDD /* Debug */ = {
			isa = XCBuildConfiguration;
			baseConfigurationReference = A8B439F5D5D16144602B8188 /* Pods-PostHandler-PostHandlerUITests.debug.xcconfig */;
			buildSettings = {
				ALWAYS_EMBED_SWIFT_STANDARD_LIBRARIES = YES;
				CODE_SIGN_STYLE = Automatic;
				CURRENT_PROJECT_VERSION = 1;
				DEVELOPMENT_TEAM = C2V8MZT3S7;
				GENERATE_INFOPLIST_FILE = YES;
				MARKETING_VERSION = 1.0;
				PRODUCT_BUNDLE_IDENTIFIER = com.Linto.PostHandlerUITests;
				PRODUCT_NAME = "$(TARGET_NAME)";
				SWIFT_EMIT_LOC_STRINGS = NO;
				SWIFT_VERSION = 5.0;
				TARGETED_DEVICE_FAMILY = "1,2";
				TEST_TARGET_NAME = PostHandler;
			};
			name = Debug;
		};
		558EA575289CF16A0052DCDD /* Release */ = {
			isa = XCBuildConfiguration;
			baseConfigurationReference = 43760078B06B6BE5818454D2 /* Pods-PostHandler-PostHandlerUITests.release.xcconfig */;
			buildSettings = {
				ALWAYS_EMBED_SWIFT_STANDARD_LIBRARIES = YES;
				CODE_SIGN_STYLE = Automatic;
				CURRENT_PROJECT_VERSION = 1;
				DEVELOPMENT_TEAM = C2V8MZT3S7;
				GENERATE_INFOPLIST_FILE = YES;
				MARKETING_VERSION = 1.0;
				PRODUCT_BUNDLE_IDENTIFIER = com.Linto.PostHandlerUITests;
				PRODUCT_NAME = "$(TARGET_NAME)";
				SWIFT_EMIT_LOC_STRINGS = NO;
				SWIFT_VERSION = 5.0;
				TARGETED_DEVICE_FAMILY = "1,2";
				TEST_TARGET_NAME = PostHandler;
			};
			name = Release;
		};
/* End XCBuildConfiguration section */

/* Begin XCConfigurationList section */
		558EA53E289CF1670052DCDD /* Build configuration list for PBXProject "PostHandler" */ = {
			isa = XCConfigurationList;
			buildConfigurations = (
				558EA56B289CF16A0052DCDD /* Debug */,
				558EA56C289CF16A0052DCDD /* Release */,
			);
			defaultConfigurationIsVisible = 0;
			defaultConfigurationName = Release;
		};
		558EA56D289CF16A0052DCDD /* Build configuration list for PBXNativeTarget "PostHandler" */ = {
			isa = XCConfigurationList;
			buildConfigurations = (
				558EA56E289CF16A0052DCDD /* Debug */,
				558EA56F289CF16A0052DCDD /* Release */,
			);
			defaultConfigurationIsVisible = 0;
			defaultConfigurationName = Release;
		};
		558EA570289CF16A0052DCDD /* Build configuration list for PBXNativeTarget "PostHandlerTests" */ = {
			isa = XCConfigurationList;
			buildConfigurations = (
				558EA571289CF16A0052DCDD /* Debug */,
				558EA572289CF16A0052DCDD /* Release */,
			);
			defaultConfigurationIsVisible = 0;
			defaultConfigurationName = Release;
		};
		558EA573289CF16A0052DCDD /* Build configuration list for PBXNativeTarget "PostHandlerUITests" */ = {
			isa = XCConfigurationList;
			buildConfigurations = (
				558EA574289CF16A0052DCDD /* Debug */,
				558EA575289CF16A0052DCDD /* Release */,
			);
			defaultConfigurationIsVisible = 0;
			defaultConfigurationName = Release;
		};
/* End XCConfigurationList section */
	};
	rootObject = 558EA53B289CF1670052DCDD /* Project object */;
}
